// !$*UTF8*$!
{
	archiveVersion = 1;
	classes = {
	};
	objectVersion = 46;
	objects = {

/* Begin PBXBuildFile section */
		37360097DA8F6B3247293343 /* Pods_Muze.framework in Frameworks */ = {isa = PBXBuildFile; fileRef = 5865016E2658DD8446279F92 /* Pods_Muze.framework */; };
		D101204C1EE74DA900E7B88B /* AppDelegate.swift in Sources */ = {isa = PBXBuildFile; fileRef = D101204B1EE74DA900E7B88B /* AppDelegate.swift */; };
		D10120511EE74DA900E7B88B /* Main.storyboard in Resources */ = {isa = PBXBuildFile; fileRef = D101204F1EE74DA900E7B88B /* Main.storyboard */; };
		D10120531EE74DA900E7B88B /* Assets.xcassets in Resources */ = {isa = PBXBuildFile; fileRef = D10120521EE74DA900E7B88B /* Assets.xcassets */; };
		D10120561EE74DA900E7B88B /* LaunchScreen.storyboard in Resources */ = {isa = PBXBuildFile; fileRef = D10120541EE74DA900E7B88B /* LaunchScreen.storyboard */; };
		D101205E1EE7608300E7B88B /* LoginViewController.swift in Sources */ = {isa = PBXBuildFile; fileRef = D101205D1EE7608300E7B88B /* LoginViewController.swift */; };
		D1209BE41F3BE70D00A04C47 /* Contact.swift in Sources */ = {isa = PBXBuildFile; fileRef = D1209BE31F3BE70D00A04C47 /* Contact.swift */; };
		D12119A41F3DA1A900A138B6 /* MusicManager.swift in Sources */ = {isa = PBXBuildFile; fileRef = D12119A31F3DA1A900A138B6 /* MusicManager.swift */; };
		D13DCD921EF61B8300969FC0 /* AuthorizationManager.swift in Sources */ = {isa = PBXBuildFile; fileRef = D13DCD911EF61B8300969FC0 /* AuthorizationManager.swift */; };
		D14CE4161F3D359F00E9029B /* SocketClient.swift in Sources */ = {isa = PBXBuildFile; fileRef = D14CE4151F3D359F00E9029B /* SocketClient.swift */; };
		D14DE8C51F2B2C4C0059C07E /* User.swift in Sources */ = {isa = PBXBuildFile; fileRef = D14DE8C41F2B2C4C0059C07E /* User.swift */; };
		D14DE8C71F2B32BE0059C07E /* UserDefaultsKey.swift in Sources */ = {isa = PBXBuildFile; fileRef = D14DE8C61F2B32BE0059C07E /* UserDefaultsKey.swift */; };
		D1501AEE1F27CDCD004C9B89 /* MuzeClient.swift in Sources */ = {isa = PBXBuildFile; fileRef = D1501AED1F27CDCD004C9B89 /* MuzeClient.swift */; };
		D1501AF01F27D031004C9B89 /* MuzeClientSession.swift in Sources */ = {isa = PBXBuildFile; fileRef = D1501AEF1F27D031004C9B89 /* MuzeClientSession.swift */; };
		D1501AF21F27D0F9004C9B89 /* MuzeClientConstants.swift in Sources */ = {isa = PBXBuildFile; fileRef = D1501AF11F27D0F9004C9B89 /* MuzeClientConstants.swift */; };
		D16489291F3E4980007372DC /* PlaylistAddMusicViewController.swift in Sources */ = {isa = PBXBuildFile; fileRef = D16489281F3E4980007372DC /* PlaylistAddMusicViewController.swift */; };
		D16B6EA620E9864B00797AC6 /* MusicClientConstants.swift in Sources */ = {isa = PBXBuildFile; fileRef = D16B6EA520E9864B00797AC6 /* MusicClientConstants.swift */; };
		D17C916F1F461FB900789D71 /* PlaylistAddPlaylistViewController.swift in Sources */ = {isa = PBXBuildFile; fileRef = D17C916E1F461FB900789D71 /* PlaylistAddPlaylistViewController.swift */; };
		D17C91711F461FCC00789D71 /* PlaylistSearchMusicViewController.swift in Sources */ = {isa = PBXBuildFile; fileRef = D17C91701F461FCC00789D71 /* PlaylistSearchMusicViewController.swift */; };
		D17C91731F461FE900789D71 /* PlaylistAddPlaylistTableViewCell.swift in Sources */ = {isa = PBXBuildFile; fileRef = D17C91721F461FE900789D71 /* PlaylistAddPlaylistTableViewCell.swift */; };
		D181BF561F4F701E00C2E8E5 /* RemovableCellDelegate.swift in Sources */ = {isa = PBXBuildFile; fileRef = D181BF551F4F701E00C2E8E5 /* RemovableCellDelegate.swift */; };
		D181BF581F4FE30E00C2E8E5 /* NetworkingConstants.swift in Sources */ = {isa = PBXBuildFile; fileRef = D181BF571F4FE30E00C2E8E5 /* NetworkingConstants.swift */; };
		D18893831F2FD2CB000F3904 /* PlaylistDetailViewController.swift in Sources */ = {isa = PBXBuildFile; fileRef = D18893821F2FD2CB000F3904 /* PlaylistDetailViewController.swift */; };
		D18893851F2FD322000F3904 /* PlaylistListenersViewController.swift in Sources */ = {isa = PBXBuildFile; fileRef = D18893841F2FD322000F3904 /* PlaylistListenersViewController.swift */; };
		D18893871F2FD33E000F3904 /* PlaylistContactsViewController.swift in Sources */ = {isa = PBXBuildFile; fileRef = D18893861F2FD33E000F3904 /* PlaylistContactsViewController.swift */; };
		D18893891F2FD450000F3904 /* PlaylistDetailTableViewCell.swift in Sources */ = {isa = PBXBuildFile; fileRef = D18893881F2FD450000F3904 /* PlaylistDetailTableViewCell.swift */; };
		D188938D1F300C76000F3904 /* PlaylistModel.swift in Sources */ = {isa = PBXBuildFile; fileRef = D188938C1F300C76000F3904 /* PlaylistModel.swift */; };
		D188938F1F300C86000F3904 /* UserModel.swift in Sources */ = {isa = PBXBuildFile; fileRef = D188938E1F300C86000F3904 /* UserModel.swift */; };
		D18948111F3D4B43009A05FC /* SocketClientConstants.swift in Sources */ = {isa = PBXBuildFile; fileRef = D18948101F3D4B43009A05FC /* SocketClientConstants.swift */; };
		D19EC7071F68998900AC625F /* MusicClient.swift in Sources */ = {isa = PBXBuildFile; fileRef = D19EC7061F68998900AC625F /* MusicClient.swift */; };
		D1AE86881F3303F70047F2ED /* PlaylistListenersTableViewCell.swift in Sources */ = {isa = PBXBuildFile; fileRef = D1AE86871F3303F70047F2ED /* PlaylistListenersTableViewCell.swift */; };
		D1AE868C1F3310AA0047F2ED /* PlaylistContactsTableViewCell.swift in Sources */ = {isa = PBXBuildFile; fileRef = D1AE868B1F3310AA0047F2ED /* PlaylistContactsTableViewCell.swift */; };
		D1B39DEF1EF6439F001FFF01 /* Identifier.swift in Sources */ = {isa = PBXBuildFile; fileRef = D1B39DEE1EF6439F001FFF01 /* Identifier.swift */; };
		D1B39DF11EF6443E001FFF01 /* UIUtil.swift in Sources */ = {isa = PBXBuildFile; fileRef = D1B39DF01EF6443E001FFF01 /* UIUtil.swift */; };
		D1C2DDE81F2718410090AA56 /* ConnectViewController.swift in Sources */ = {isa = PBXBuildFile; fileRef = D1C2DDE71F2718410090AA56 /* ConnectViewController.swift */; };
		D1C2DDEA1F2718840090AA56 /* ConfirmViewController.swift in Sources */ = {isa = PBXBuildFile; fileRef = D1C2DDE91F2718840090AA56 /* ConfirmViewController.swift */; };
		D1C2DDEC1F271E420090AA56 /* Utility.swift in Sources */ = {isa = PBXBuildFile; fileRef = D1C2DDEB1F271E420090AA56 /* Utility.swift */; };
		D1C7F5981F0179890030851C /* PlaylistViewController.swift in Sources */ = {isa = PBXBuildFile; fileRef = D1C7F5971F0179890030851C /* PlaylistViewController.swift */; };
/* End PBXBuildFile section */

/* Begin PBXFileReference section */
		5865016E2658DD8446279F92 /* Pods_Muze.framework */ = {isa = PBXFileReference; explicitFileType = wrapper.framework; includeInIndex = 0; path = Pods_Muze.framework; sourceTree = BUILT_PRODUCTS_DIR; };
		A14C5D3A3454C21188B77264 /* Pods-Muze.release.xcconfig */ = {isa = PBXFileReference; includeInIndex = 1; lastKnownFileType = text.xcconfig; name = "Pods-Muze.release.xcconfig"; path = "Pods/Target Support Files/Pods-Muze/Pods-Muze.release.xcconfig"; sourceTree = "<group>"; };
		A877E5DD63A937D6CA7A4792 /* Pods-Muze.debug.xcconfig */ = {isa = PBXFileReference; includeInIndex = 1; lastKnownFileType = text.xcconfig; name = "Pods-Muze.debug.xcconfig"; path = "Pods/Target Support Files/Pods-Muze/Pods-Muze.debug.xcconfig"; sourceTree = "<group>"; };
		D10120481EE74DA900E7B88B /* Muze.app */ = {isa = PBXFileReference; explicitFileType = wrapper.application; includeInIndex = 0; path = Muze.app; sourceTree = BUILT_PRODUCTS_DIR; };
		D101204B1EE74DA900E7B88B /* AppDelegate.swift */ = {isa = PBXFileReference; lastKnownFileType = sourcecode.swift; path = AppDelegate.swift; sourceTree = "<group>"; };
		D10120501EE74DA900E7B88B /* Base */ = {isa = PBXFileReference; lastKnownFileType = file.storyboard; name = Base; path = Base.lproj/Main.storyboard; sourceTree = "<group>"; };
		D10120521EE74DA900E7B88B /* Assets.xcassets */ = {isa = PBXFileReference; lastKnownFileType = folder.assetcatalog; path = Assets.xcassets; sourceTree = "<group>"; };
		D10120551EE74DA900E7B88B /* Base */ = {isa = PBXFileReference; lastKnownFileType = file.storyboard; name = Base; path = Base.lproj/LaunchScreen.storyboard; sourceTree = "<group>"; };
		D10120571EE74DA900E7B88B /* Info.plist */ = {isa = PBXFileReference; lastKnownFileType = text.plist.xml; path = Info.plist; sourceTree = "<group>"; };
		D101205D1EE7608300E7B88B /* LoginViewController.swift */ = {isa = PBXFileReference; fileEncoding = 4; lastKnownFileType = sourcecode.swift; path = LoginViewController.swift; sourceTree = "<group>"; };
		D1209BE31F3BE70D00A04C47 /* Contact.swift */ = {isa = PBXFileReference; lastKnownFileType = sourcecode.swift; path = Contact.swift; sourceTree = "<group>"; };
		D120A9D71F206653001C2BCA /* Muze.entitlements */ = {isa = PBXFileReference; lastKnownFileType = text.plist.entitlements; path = Muze.entitlements; sourceTree = "<group>"; };
		D12119A31F3DA1A900A138B6 /* MusicManager.swift */ = {isa = PBXFileReference; lastKnownFileType = sourcecode.swift; path = MusicManager.swift; sourceTree = "<group>"; };
		D13DCD911EF61B8300969FC0 /* AuthorizationManager.swift */ = {isa = PBXFileReference; fileEncoding = 4; lastKnownFileType = sourcecode.swift; path = AuthorizationManager.swift; sourceTree = "<group>"; };
		D14CE4151F3D359F00E9029B /* SocketClient.swift */ = {isa = PBXFileReference; lastKnownFileType = sourcecode.swift; path = SocketClient.swift; sourceTree = "<group>"; };
		D14DE8C41F2B2C4C0059C07E /* User.swift */ = {isa = PBXFileReference; lastKnownFileType = sourcecode.swift; path = User.swift; sourceTree = "<group>"; };
		D14DE8C61F2B32BE0059C07E /* UserDefaultsKey.swift */ = {isa = PBXFileReference; lastKnownFileType = sourcecode.swift; path = UserDefaultsKey.swift; sourceTree = "<group>"; };
		D1501AED1F27CDCD004C9B89 /* MuzeClient.swift */ = {isa = PBXFileReference; lastKnownFileType = sourcecode.swift; path = MuzeClient.swift; sourceTree = "<group>"; };
		D1501AEF1F27D031004C9B89 /* MuzeClientSession.swift */ = {isa = PBXFileReference; lastKnownFileType = sourcecode.swift; path = MuzeClientSession.swift; sourceTree = "<group>"; };
		D1501AF11F27D0F9004C9B89 /* MuzeClientConstants.swift */ = {isa = PBXFileReference; lastKnownFileType = sourcecode.swift; path = MuzeClientConstants.swift; sourceTree = "<group>"; };
		D16489281F3E4980007372DC /* PlaylistAddMusicViewController.swift */ = {isa = PBXFileReference; lastKnownFileType = sourcecode.swift; path = PlaylistAddMusicViewController.swift; sourceTree = "<group>"; };
		D16B6EA520E9864B00797AC6 /* MusicClientConstants.swift */ = {isa = PBXFileReference; lastKnownFileType = sourcecode.swift; path = MusicClientConstants.swift; sourceTree = "<group>"; };
		D17C916E1F461FB900789D71 /* PlaylistAddPlaylistViewController.swift */ = {isa = PBXFileReference; lastKnownFileType = sourcecode.swift; path = PlaylistAddPlaylistViewController.swift; sourceTree = "<group>"; };
		D17C91701F461FCC00789D71 /* PlaylistSearchMusicViewController.swift */ = {isa = PBXFileReference; lastKnownFileType = sourcecode.swift; path = PlaylistSearchMusicViewController.swift; sourceTree = "<group>"; };
		D17C91721F461FE900789D71 /* PlaylistAddPlaylistTableViewCell.swift */ = {isa = PBXFileReference; lastKnownFileType = sourcecode.swift; path = PlaylistAddPlaylistTableViewCell.swift; sourceTree = "<group>"; };
		D181BF551F4F701E00C2E8E5 /* RemovableCellDelegate.swift */ = {isa = PBXFileReference; lastKnownFileType = sourcecode.swift; path = RemovableCellDelegate.swift; sourceTree = "<group>"; };
		D181BF571F4FE30E00C2E8E5 /* NetworkingConstants.swift */ = {isa = PBXFileReference; lastKnownFileType = sourcecode.swift; path = NetworkingConstants.swift; sourceTree = "<group>"; };
		D18893821F2FD2CB000F3904 /* PlaylistDetailViewController.swift */ = {isa = PBXFileReference; lastKnownFileType = sourcecode.swift; path = PlaylistDetailViewController.swift; sourceTree = "<group>"; };
		D18893841F2FD322000F3904 /* PlaylistListenersViewController.swift */ = {isa = PBXFileReference; lastKnownFileType = sourcecode.swift; path = PlaylistListenersViewController.swift; sourceTree = "<group>"; };
		D18893861F2FD33E000F3904 /* PlaylistContactsViewController.swift */ = {isa = PBXFileReference; lastKnownFileType = sourcecode.swift; path = PlaylistContactsViewController.swift; sourceTree = "<group>"; };
		D18893881F2FD450000F3904 /* PlaylistDetailTableViewCell.swift */ = {isa = PBXFileReference; lastKnownFileType = sourcecode.swift; path = PlaylistDetailTableViewCell.swift; sourceTree = "<group>"; };
		D188938C1F300C76000F3904 /* PlaylistModel.swift */ = {isa = PBXFileReference; lastKnownFileType = sourcecode.swift; path = PlaylistModel.swift; sourceTree = "<group>"; };
		D188938E1F300C86000F3904 /* UserModel.swift */ = {isa = PBXFileReference; lastKnownFileType = sourcecode.swift; path = UserModel.swift; sourceTree = "<group>"; };
		D18948101F3D4B43009A05FC /* SocketClientConstants.swift */ = {isa = PBXFileReference; lastKnownFileType = sourcecode.swift; path = SocketClientConstants.swift; sourceTree = "<group>"; };
		D19EC7061F68998900AC625F /* MusicClient.swift */ = {isa = PBXFileReference; lastKnownFileType = sourcecode.swift; path = MusicClient.swift; sourceTree = "<group>"; };
		D1AE86871F3303F70047F2ED /* PlaylistListenersTableViewCell.swift */ = {isa = PBXFileReference; lastKnownFileType = sourcecode.swift; path = PlaylistListenersTableViewCell.swift; sourceTree = "<group>"; };
		D1AE868B1F3310AA0047F2ED /* PlaylistContactsTableViewCell.swift */ = {isa = PBXFileReference; lastKnownFileType = sourcecode.swift; path = PlaylistContactsTableViewCell.swift; sourceTree = "<group>"; };
		D1B39DEE1EF6439F001FFF01 /* Identifier.swift */ = {isa = PBXFileReference; lastKnownFileType = sourcecode.swift; path = Identifier.swift; sourceTree = "<group>"; };
		D1B39DF01EF6443E001FFF01 /* UIUtil.swift */ = {isa = PBXFileReference; lastKnownFileType = sourcecode.swift; path = UIUtil.swift; sourceTree = "<group>"; };
		D1C2DDE71F2718410090AA56 /* ConnectViewController.swift */ = {isa = PBXFileReference; lastKnownFileType = sourcecode.swift; path = ConnectViewController.swift; sourceTree = "<group>"; };
		D1C2DDE91F2718840090AA56 /* ConfirmViewController.swift */ = {isa = PBXFileReference; lastKnownFileType = sourcecode.swift; path = ConfirmViewController.swift; sourceTree = "<group>"; };
		D1C2DDEB1F271E420090AA56 /* Utility.swift */ = {isa = PBXFileReference; lastKnownFileType = sourcecode.swift; path = Utility.swift; sourceTree = "<group>"; };
		D1C7F5971F0179890030851C /* PlaylistViewController.swift */ = {isa = PBXFileReference; lastKnownFileType = sourcecode.swift; path = PlaylistViewController.swift; sourceTree = "<group>"; };
/* End PBXFileReference section */

/* Begin PBXFrameworksBuildPhase section */
		D10120451EE74DA900E7B88B /* Frameworks */ = {
			isa = PBXFrameworksBuildPhase;
			buildActionMask = 2147483647;
			files = (
				37360097DA8F6B3247293343 /* Pods_Muze.framework in Frameworks */,
			);
			runOnlyForDeploymentPostprocessing = 0;
		};
/* End PBXFrameworksBuildPhase section */

/* Begin PBXGroup section */
		54E4146F868838F54891BF46 /* Frameworks */ = {
			isa = PBXGroup;
			children = (
				5865016E2658DD8446279F92 /* Pods_Muze.framework */,
			);
			name = Frameworks;
			sourceTree = "<group>";
		};
		6ADE2E3F3753DF1F9366CCD4 /* Pods */ = {
			isa = PBXGroup;
			children = (
				A877E5DD63A937D6CA7A4792 /* Pods-Muze.debug.xcconfig */,
				A14C5D3A3454C21188B77264 /* Pods-Muze.release.xcconfig */,
			);
			name = Pods;
			sourceTree = "<group>";
		};
		D101203F1EE74DA900E7B88B = {
			isa = PBXGroup;
			children = (
				D101204A1EE74DA900E7B88B /* Muze */,
				D10120491EE74DA900E7B88B /* Products */,
				6ADE2E3F3753DF1F9366CCD4 /* Pods */,
				54E4146F868838F54891BF46 /* Frameworks */,
			);
			sourceTree = "<group>";
		};
		D10120491EE74DA900E7B88B /* Products */ = {
			isa = PBXGroup;
			children = (
				D10120481EE74DA900E7B88B /* Muze.app */,
			);
			name = Products;
			sourceTree = "<group>";
		};
		D101204A1EE74DA900E7B88B /* Muze */ = {
			isa = PBXGroup;
			children = (
				D101204B1EE74DA900E7B88B /* AppDelegate.swift */,
				D14DE8C61F2B32BE0059C07E /* UserDefaultsKey.swift */,
				D1B39DEE1EF6439F001FFF01 /* Identifier.swift */,
				D1B39DF01EF6443E001FFF01 /* UIUtil.swift */,
				D1C2DDEB1F271E420090AA56 /* Utility.swift */,
				D14DE8C41F2B2C4C0059C07E /* User.swift */,
				D188938E1F300C86000F3904 /* UserModel.swift */,
				D188938C1F300C76000F3904 /* PlaylistModel.swift */,
				D1209BE31F3BE70D00A04C47 /* Contact.swift */,
				D181BF571F4FE30E00C2E8E5 /* NetworkingConstants.swift */,
				D14CE4151F3D359F00E9029B /* SocketClient.swift */,
				D18948101F3D4B43009A05FC /* SocketClientConstants.swift */,
				D1501AED1F27CDCD004C9B89 /* MuzeClient.swift */,
				D1501AEF1F27D031004C9B89 /* MuzeClientSession.swift */,
				D1501AF11F27D0F9004C9B89 /* MuzeClientConstants.swift */,
				D13DCD911EF61B8300969FC0 /* AuthorizationManager.swift */,
				D12119A31F3DA1A900A138B6 /* MusicManager.swift */,
				D19EC7061F68998900AC625F /* MusicClient.swift */,
				D16B6EA520E9864B00797AC6 /* MusicClientConstants.swift */,
				D101205D1EE7608300E7B88B /* LoginViewController.swift */,
				D1C2DDE71F2718410090AA56 /* ConnectViewController.swift */,
				D1C2DDE91F2718840090AA56 /* ConfirmViewController.swift */,
				D1C7F5971F0179890030851C /* PlaylistViewController.swift */,
				D181BF551F4F701E00C2E8E5 /* RemovableCellDelegate.swift */,
				D18893821F2FD2CB000F3904 /* PlaylistDetailViewController.swift */,
				D18893881F2FD450000F3904 /* PlaylistDetailTableViewCell.swift */,
				D18893841F2FD322000F3904 /* PlaylistListenersViewController.swift */,
				D1AE86871F3303F70047F2ED /* PlaylistListenersTableViewCell.swift */,
				D18893861F2FD33E000F3904 /* PlaylistContactsViewController.swift */,
				D1AE868B1F3310AA0047F2ED /* PlaylistContactsTableViewCell.swift */,
				D16489281F3E4980007372DC /* PlaylistAddMusicViewController.swift */,
				D17C916E1F461FB900789D71 /* PlaylistAddPlaylistViewController.swift */,
				D17C91721F461FE900789D71 /* PlaylistAddPlaylistTableViewCell.swift */,
				D17C91701F461FCC00789D71 /* PlaylistSearchMusicViewController.swift */,
				D101204F1EE74DA900E7B88B /* Main.storyboard */,
				D10120521EE74DA900E7B88B /* Assets.xcassets */,
				D10120541EE74DA900E7B88B /* LaunchScreen.storyboard */,
				D10120571EE74DA900E7B88B /* Info.plist */,
				D120A9D71F206653001C2BCA /* Muze.entitlements */,
			);
			path = Muze;
			sourceTree = "<group>";
		};
/* End PBXGroup section */

/* Begin PBXNativeTarget section */
		D10120471EE74DA900E7B88B /* Muze */ = {
			isa = PBXNativeTarget;
			buildConfigurationList = D101205A1EE74DA900E7B88B /* Build configuration list for PBXNativeTarget "Muze" */;
			buildPhases = (
				D6959890972728C00A692EEE /* [CP] Check Pods Manifest.lock */,
				D10120441EE74DA900E7B88B /* Sources */,
				D10120451EE74DA900E7B88B /* Frameworks */,
				D10120461EE74DA900E7B88B /* Resources */,
				34149142E04CC522DCE79C1B /* [CP] Embed Pods Frameworks */,
			);
			buildRules = (
			);
			dependencies = (
			);
			name = Muze;
			productName = Muze;
			productReference = D10120481EE74DA900E7B88B /* Muze.app */;
			productType = "com.apple.product-type.application";
		};
/* End PBXNativeTarget section */

/* Begin PBXProject section */
		D10120401EE74DA900E7B88B /* Project object */ = {
			isa = PBXProject;
			attributes = {
				LastSwiftUpdateCheck = 0830;
				LastUpgradeCheck = 0940;
				ORGANIZATIONNAME = "Charles Gong";
				TargetAttributes = {
					D10120471EE74DA900E7B88B = {
						CreatedOnToolsVersion = 8.3.1;
						DevelopmentTeam = HMYCNE59S2;
						LastSwiftMigration = 0900;
						ProvisioningStyle = Automatic;
						SystemCapabilities = {
							com.apple.BackgroundModes = {
								enabled = 1;
							};
							com.apple.Push = {
								enabled = 1;
							};
						};
					};
				};
			};
			buildConfigurationList = D10120431EE74DA900E7B88B /* Build configuration list for PBXProject "Muze" */;
			compatibilityVersion = "Xcode 3.2";
			developmentRegion = English;
			hasScannedForEncodings = 0;
			knownRegions = (
				en,
				Base,
			);
			mainGroup = D101203F1EE74DA900E7B88B;
			productRefGroup = D10120491EE74DA900E7B88B /* Products */;
			projectDirPath = "";
			projectRoot = "";
			targets = (
				D10120471EE74DA900E7B88B /* Muze */,
			);
		};
/* End PBXProject section */

/* Begin PBXResourcesBuildPhase section */
		D10120461EE74DA900E7B88B /* Resources */ = {
			isa = PBXResourcesBuildPhase;
			buildActionMask = 2147483647;
			files = (
				D10120561EE74DA900E7B88B /* LaunchScreen.storyboard in Resources */,
				D10120531EE74DA900E7B88B /* Assets.xcassets in Resources */,
				D10120511EE74DA900E7B88B /* Main.storyboard in Resources */,
			);
			runOnlyForDeploymentPostprocessing = 0;
		};
/* End PBXResourcesBuildPhase section */

/* Begin PBXShellScriptBuildPhase section */
		34149142E04CC522DCE79C1B /* [CP] Embed Pods Frameworks */ = {
			isa = PBXShellScriptBuildPhase;
			buildActionMask = 2147483647;
			files = (
			);
			inputPaths = (
				"${SRCROOT}/Pods/Target Support Files/Pods-Muze/Pods-Muze-frameworks.sh",
				"${BUILT_PRODUCTS_DIR}/Alamofire/Alamofire.framework",
				"${BUILT_PRODUCTS_DIR}/Socket.IO-Client-Swift/SocketIO.framework",
				"${BUILT_PRODUCTS_DIR}/Starscream/Starscream.framework",
				"${BUILT_PRODUCTS_DIR}/SwiftyJSON/SwiftyJSON.framework",
			);
			name = "[CP] Embed Pods Frameworks";
			outputPaths = (
				"${TARGET_BUILD_DIR}/${FRAMEWORKS_FOLDER_PATH}/Alamofire.framework",
				"${TARGET_BUILD_DIR}/${FRAMEWORKS_FOLDER_PATH}/SocketIO.framework",
				"${TARGET_BUILD_DIR}/${FRAMEWORKS_FOLDER_PATH}/Starscream.framework",
				"${TARGET_BUILD_DIR}/${FRAMEWORKS_FOLDER_PATH}/SwiftyJSON.framework",
			);
			runOnlyForDeploymentPostprocessing = 0;
			shellPath = /bin/sh;
			shellScript = "\"${SRCROOT}/Pods/Target Support Files/Pods-Muze/Pods-Muze-frameworks.sh\"\n";
			showEnvVarsInLog = 0;
		};
		D6959890972728C00A692EEE /* [CP] Check Pods Manifest.lock */ = {
			isa = PBXShellScriptBuildPhase;
			buildActionMask = 2147483647;
			files = (
			);
			inputPaths = (
				"${PODS_PODFILE_DIR_PATH}/Podfile.lock",
				"${PODS_ROOT}/Manifest.lock",
			);
			name = "[CP] Check Pods Manifest.lock";
			outputPaths = (
				"$(DERIVED_FILE_DIR)/Pods-Muze-checkManifestLockResult.txt",
			);
			runOnlyForDeploymentPostprocessing = 0;
			shellPath = /bin/sh;
			shellScript = "diff \"${PODS_PODFILE_DIR_PATH}/Podfile.lock\" \"${PODS_ROOT}/Manifest.lock\" > /dev/null\nif [ $? != 0 ] ; then\n    # print error to STDERR\n    echo \"error: The sandbox is not in sync with the Podfile.lock. Run 'pod install' or update your CocoaPods installation.\" >&2\n    exit 1\nfi\n# This output is used by Xcode 'outputs' to avoid re-running this script phase.\necho \"SUCCESS\" > \"${SCRIPT_OUTPUT_FILE_0}\"\n";
			showEnvVarsInLog = 0;
		};
/* End PBXShellScriptBuildPhase section */

/* Begin PBXSourcesBuildPhase section */
		D10120441EE74DA900E7B88B /* Sources */ = {
			isa = PBXSourcesBuildPhase;
			buildActionMask = 2147483647;
			files = (
				D1AE868C1F3310AA0047F2ED /* PlaylistContactsTableViewCell.swift in Sources */,
				D14DE8C51F2B2C4C0059C07E /* User.swift in Sources */,
				D181BF561F4F701E00C2E8E5 /* RemovableCellDelegate.swift in Sources */,
				D188938D1F300C76000F3904 /* PlaylistModel.swift in Sources */,
				D18893871F2FD33E000F3904 /* PlaylistContactsViewController.swift in Sources */,
				D18893891F2FD450000F3904 /* PlaylistDetailTableViewCell.swift in Sources */,
				D1C2DDE81F2718410090AA56 /* ConnectViewController.swift in Sources */,
				D18948111F3D4B43009A05FC /* SocketClientConstants.swift in Sources */,
				D17C91731F461FE900789D71 /* PlaylistAddPlaylistTableViewCell.swift in Sources */,
				D101205E1EE7608300E7B88B /* LoginViewController.swift in Sources */,
				D18893831F2FD2CB000F3904 /* PlaylistDetailViewController.swift in Sources */,
				D1C2DDEC1F271E420090AA56 /* Utility.swift in Sources */,
				D101204C1EE74DA900E7B88B /* AppDelegate.swift in Sources */,
				D17C91711F461FCC00789D71 /* PlaylistSearchMusicViewController.swift in Sources */,
				D1C2DDEA1F2718840090AA56 /* ConfirmViewController.swift in Sources */,
				D1209BE41F3BE70D00A04C47 /* Contact.swift in Sources */,
				D16489291F3E4980007372DC /* PlaylistAddMusicViewController.swift in Sources */,
				D1C7F5981F0179890030851C /* PlaylistViewController.swift in Sources */,
				D1B39DEF1EF6439F001FFF01 /* Identifier.swift in Sources */,
				D1501AF01F27D031004C9B89 /* MuzeClientSession.swift in Sources */,
				D18893851F2FD322000F3904 /* PlaylistListenersViewController.swift in Sources */,
				D1AE86881F3303F70047F2ED /* PlaylistListenersTableViewCell.swift in Sources */,
				D19EC7071F68998900AC625F /* MusicClient.swift in Sources */,
				D1501AEE1F27CDCD004C9B89 /* MuzeClient.swift in Sources */,
				D12119A41F3DA1A900A138B6 /* MusicManager.swift in Sources */,
				D17C916F1F461FB900789D71 /* PlaylistAddPlaylistViewController.swift in Sources */,
				D16B6EA620E9864B00797AC6 /* MusicClientConstants.swift in Sources */,
				D181BF581F4FE30E00C2E8E5 /* NetworkingConstants.swift in Sources */,
				D14DE8C71F2B32BE0059C07E /* UserDefaultsKey.swift in Sources */,
				D14CE4161F3D359F00E9029B /* SocketClient.swift in Sources */,
				D1501AF21F27D0F9004C9B89 /* MuzeClientConstants.swift in Sources */,
				D1B39DF11EF6443E001FFF01 /* UIUtil.swift in Sources */,
				D188938F1F300C86000F3904 /* UserModel.swift in Sources */,
				D13DCD921EF61B8300969FC0 /* AuthorizationManager.swift in Sources */,
			);
			runOnlyForDeploymentPostprocessing = 0;
		};
/* End PBXSourcesBuildPhase section */

/* Begin PBXVariantGroup section */
		D101204F1EE74DA900E7B88B /* Main.storyboard */ = {
			isa = PBXVariantGroup;
			children = (
				D10120501EE74DA900E7B88B /* Base */,
			);
			name = Main.storyboard;
			sourceTree = "<group>";
		};
		D10120541EE74DA900E7B88B /* LaunchScreen.storyboard */ = {
			isa = PBXVariantGroup;
			children = (
				D10120551EE74DA900E7B88B /* Base */,
			);
			name = LaunchScreen.storyboard;
			sourceTree = "<group>";
		};
/* End PBXVariantGroup section */

/* Begin XCBuildConfiguration section */
		D10120581EE74DA900E7B88B /* Debug */ = {
			isa = XCBuildConfiguration;
			buildSettings = {
				ALWAYS_SEARCH_USER_PATHS = NO;
				CLANG_ANALYZER_NONNULL = YES;
				CLANG_ANALYZER_NUMBER_OBJECT_CONVERSION = YES_AGGRESSIVE;
				CLANG_CXX_LANGUAGE_STANDARD = "gnu++0x";
				CLANG_CXX_LIBRARY = "libc++";
				CLANG_ENABLE_MODULES = YES;
				CLANG_ENABLE_OBJC_ARC = YES;
				CLANG_WARN_BLOCK_CAPTURE_AUTORELEASING = YES;
				CLANG_WARN_BOOL_CONVERSION = YES;
				CLANG_WARN_COMMA = YES;
				CLANG_WARN_CONSTANT_CONVERSION = YES;
				CLANG_WARN_DEPRECATED_OBJC_IMPLEMENTATIONS = YES;
				CLANG_WARN_DIRECT_OBJC_ISA_USAGE = YES_ERROR;
				CLANG_WARN_DOCUMENTATION_COMMENTS = YES;
				CLANG_WARN_EMPTY_BODY = YES;
				CLANG_WARN_ENUM_CONVERSION = YES;
				CLANG_WARN_INFINITE_RECURSION = YES;
				CLANG_WARN_INT_CONVERSION = YES;
				CLANG_WARN_NON_LITERAL_NULL_CONVERSION = YES;
				CLANG_WARN_OBJC_IMPLICIT_RETAIN_SELF = YES;
				CLANG_WARN_OBJC_LITERAL_CONVERSION = YES;
				CLANG_WARN_OBJC_ROOT_CLASS = YES_ERROR;
				CLANG_WARN_RANGE_LOOP_ANALYSIS = YES;
				CLANG_WARN_STRICT_PROTOTYPES = YES;
				CLANG_WARN_SUSPICIOUS_MOVE = YES;
				CLANG_WARN_UNREACHABLE_CODE = YES;
				CLANG_WARN__DUPLICATE_METHOD_MATCH = YES;
				"CODE_SIGN_IDENTITY[sdk=iphoneos*]" = "iPhone Developer";
				COPY_PHASE_STRIP = NO;
				DEBUG_INFORMATION_FORMAT = dwarf;
				ENABLE_STRICT_OBJC_MSGSEND = YES;
				ENABLE_TESTABILITY = YES;
				GCC_C_LANGUAGE_STANDARD = gnu99;
				GCC_DYNAMIC_NO_PIC = NO;
				GCC_NO_COMMON_BLOCKS = YES;
				GCC_OPTIMIZATION_LEVEL = 0;
				GCC_PREPROCESSOR_DEFINITIONS = (
					"DEBUG=1",
					"$(inherited)",
				);
				GCC_WARN_64_TO_32_BIT_CONVERSION = YES;
				GCC_WARN_ABOUT_RETURN_TYPE = YES_ERROR;
				GCC_WARN_UNDECLARED_SELECTOR = YES;
				GCC_WARN_UNINITIALIZED_AUTOS = YES_AGGRESSIVE;
				GCC_WARN_UNUSED_FUNCTION = YES;
				GCC_WARN_UNUSED_VARIABLE = YES;
				IPHONEOS_DEPLOYMENT_TARGET = 10.3;
				MTL_ENABLE_DEBUG_INFO = YES;
				ONLY_ACTIVE_ARCH = YES;
				SDKROOT = iphoneos;
				SWIFT_ACTIVE_COMPILATION_CONDITIONS = DEBUG;
				SWIFT_OPTIMIZATION_LEVEL = "-Onone";
				SWIFT_SWIFT3_OBJC_INFERENCE = Default;
			};
			name = Debug;
		};
		D10120591EE74DA900E7B88B /* Release */ = {
			isa = XCBuildConfiguration;
			buildSettings = {
				ALWAYS_SEARCH_USER_PATHS = NO;
				CLANG_ANALYZER_NONNULL = YES;
				CLANG_ANALYZER_NUMBER_OBJECT_CONVERSION = YES_AGGRESSIVE;
				CLANG_CXX_LANGUAGE_STANDARD = "gnu++0x";
				CLANG_CXX_LIBRARY = "libc++";
				CLANG_ENABLE_MODULES = YES;
				CLANG_ENABLE_OBJC_ARC = YES;
				CLANG_WARN_BLOCK_CAPTURE_AUTORELEASING = YES;
				CLANG_WARN_BOOL_CONVERSION = YES;
				CLANG_WARN_COMMA = YES;
				CLANG_WARN_CONSTANT_CONVERSION = YES;
				CLANG_WARN_DEPRECATED_OBJC_IMPLEMENTATIONS = YES;
				CLANG_WARN_DIRECT_OBJC_ISA_USAGE = YES_ERROR;
				CLANG_WARN_DOCUMENTATION_COMMENTS = YES;
				CLANG_WARN_EMPTY_BODY = YES;
				CLANG_WARN_ENUM_CONVERSION = YES;
				CLANG_WARN_INFINITE_RECURSION = YES;
				CLANG_WARN_INT_CONVERSION = YES;
				CLANG_WARN_NON_LITERAL_NULL_CONVERSION = YES;
				CLANG_WARN_OBJC_IMPLICIT_RETAIN_SELF = YES;
				CLANG_WARN_OBJC_LITERAL_CONVERSION = YES;
				CLANG_WARN_OBJC_ROOT_CLASS = YES_ERROR;
				CLANG_WARN_RANGE_LOOP_ANALYSIS = YES;
				CLANG_WARN_STRICT_PROTOTYPES = YES;
				CLANG_WARN_SUSPICIOUS_MOVE = YES;
				CLANG_WARN_UNREACHABLE_CODE = YES;
				CLANG_WARN__DUPLICATE_METHOD_MATCH = YES;
				"CODE_SIGN_IDENTITY[sdk=iphoneos*]" = "iPhone Developer";
				COPY_PHASE_STRIP = NO;
				DEBUG_INFORMATION_FORMAT = "dwarf-with-dsym";
				ENABLE_NS_ASSERTIONS = NO;
				ENABLE_STRICT_OBJC_MSGSEND = YES;
				GCC_C_LANGUAGE_STANDARD = gnu99;
				GCC_NO_COMMON_BLOCKS = YES;
				GCC_WARN_64_TO_32_BIT_CONVERSION = YES;
				GCC_WARN_ABOUT_RETURN_TYPE = YES_ERROR;
				GCC_WARN_UNDECLARED_SELECTOR = YES;
				GCC_WARN_UNINITIALIZED_AUTOS = YES_AGGRESSIVE;
				GCC_WARN_UNUSED_FUNCTION = YES;
				GCC_WARN_UNUSED_VARIABLE = YES;
				IPHONEOS_DEPLOYMENT_TARGET = 10.3;
				MTL_ENABLE_DEBUG_INFO = NO;
				SDKROOT = iphoneos;
				SWIFT_OPTIMIZATION_LEVEL = "-Owholemodule";
				SWIFT_SWIFT3_OBJC_INFERENCE = Default;
				VALIDATE_PRODUCT = YES;
			};
			name = Release;
		};
		D101205B1EE74DA900E7B88B /* Debug */ = {
			isa = XCBuildConfiguration;
			baseConfigurationReference = A877E5DD63A937D6CA7A4792 /* Pods-Muze.debug.xcconfig */;
			buildSettings = {
				ASSETCATALOG_COMPILER_APPICON_NAME = AppIcon;
				CODE_SIGN_ENTITLEMENTS = Muze/Muze.entitlements;
				"CODE_SIGN_IDENTITY[sdk=iphoneos*]" = "iPhone Developer";
				CODE_SIGN_STYLE = Automatic;
				DEVELOPMENT_TEAM = HMYCNE59S2;
				INFOPLIST_FILE = Muze/Info.plist;
				LD_RUNPATH_SEARCH_PATHS = "$(inherited) @executable_path/Frameworks";
				PRODUCT_BUNDLE_IDENTIFIER = com.charlesgong.muze;
				PRODUCT_NAME = "$(TARGET_NAME)";
				PROVISIONING_PROFILE_SPECIFIER = "";
				SWIFT_SWIFT3_OBJC_INFERENCE = Default;
				SWIFT_VERSION = 4.0;
			};
			name = Debug;
		};
		D101205C1EE74DA900E7B88B /* Release */ = {
			isa = XCBuildConfiguration;
			baseConfigurationReference = A14C5D3A3454C21188B77264 /* Pods-Muze.release.xcconfig */;
			buildSettings = {
				ASSETCATALOG_COMPILER_APPICON_NAME = AppIcon;
				CODE_SIGN_ENTITLEMENTS = Muze/Muze.entitlements;
				"CODE_SIGN_IDENTITY[sdk=iphoneos*]" = "iPhone Developer";
				CODE_SIGN_STYLE = Automatic;
				DEVELOPMENT_TEAM = HMYCNE59S2;
				INFOPLIST_FILE = Muze/Info.plist;
				LD_RUNPATH_SEARCH_PATHS = "$(inherited) @executable_path/Frameworks";
				PRODUCT_BUNDLE_IDENTIFIER = com.charlesgong.muze;
				PRODUCT_NAME = "$(TARGET_NAME)";
				PROVISIONING_PROFILE_SPECIFIER = "";
				SWIFT_SWIFT3_OBJC_INFERENCE = Default;
				SWIFT_VERSION = 4.0;
			};
			name = Release;
		};
/* End XCBuildConfiguration section */

/* Begin XCConfigurationList section */
		D10120431EE74DA900E7B88B /* Build configuration list for PBXProject "Muze" */ = {
			isa = XCConfigurationList;
			buildConfigurations = (
				D10120581EE74DA900E7B88B /* Debug */,
				D10120591EE74DA900E7B88B /* Release */,
			);
			defaultConfigurationIsVisible = 0;
			defaultConfigurationName = Release;
		};
		D101205A1EE74DA900E7B88B /* Build configuration list for PBXNativeTarget "Muze" */ = {
			isa = XCConfigurationList;
			buildConfigurations = (
				D101205B1EE74DA900E7B88B /* Debug */,
				D101205C1EE74DA900E7B88B /* Release */,
			);
			defaultConfigurationIsVisible = 0;
			defaultConfigurationName = Release;
		};
/* End XCConfigurationList section */
	};
	rootObject = D10120401EE74DA900E7B88B /* Project object */;
}
