// !$*UTF8*$!
{
	archiveVersion = 1;
	classes = {
	};
	objectVersion = 46;
	objects = {

/* Begin PBXBuildFile section */
		D101204C1EE74DA900E7B88B /* AppDelegate.swift in Sources */ = {isa = PBXBuildFile; fileRef = D101204B1EE74DA900E7B88B /* AppDelegate.swift */; };
		D101204E1EE74DA900E7B88B /* ViewController.swift in Sources */ = {isa = PBXBuildFile; fileRef = D101204D1EE74DA900E7B88B /* ViewController.swift */; };
		D10120511EE74DA900E7B88B /* Main.storyboard in Resources */ = {isa = PBXBuildFile; fileRef = D101204F1EE74DA900E7B88B /* Main.storyboard */; };
		D10120531EE74DA900E7B88B /* Assets.xcassets in Resources */ = {isa = PBXBuildFile; fileRef = D10120521EE74DA900E7B88B /* Assets.xcassets */; };
		D10120561EE74DA900E7B88B /* LaunchScreen.storyboard in Resources */ = {isa = PBXBuildFile; fileRef = D10120541EE74DA900E7B88B /* LaunchScreen.storyboard */; };
/* End PBXBuildFile section */

/* Begin PBXFileReference section */
		D10120481EE74DA900E7B88B /* Muze.app */ = {isa = PBXFileReference; explicitFileType = wrapper.application; includeInIndex = 0; path = Muze.app; sourceTree = BUILT_PRODUCTS_DIR; };
		D101204B1EE74DA900E7B88B /* AppDelegate.swift */ = {isa = PBXFileReference; lastKnownFileType = sourcecode.swift; path = AppDelegate.swift; sourceTree = "<group>"; };
		D101204D1EE74DA900E7B88B /* ViewController.swift */ = {isa = PBXFileReference; lastKnownFileType = sourcecode.swift; path = ViewController.swift; sourceTree = "<group>"; };
		D10120501EE74DA900E7B88B /* Base */ = {isa = PBXFileReference; lastKnownFileType = file.storyboard; name = Base; path = Base.lproj/Main.storyboard; sourceTree = "<group>"; };
		D10120521EE74DA900E7B88B /* Assets.xcassets */ = {isa = PBXFileReference; lastKnownFileType = folder.assetcatalog; path = Assets.xcassets; sourceTree = "<group>"; };
		D10120551EE74DA900E7B88B /* Base */ = {isa = PBXFileReference; lastKnownFileType = file.storyboard; name = Base; path = Base.lproj/LaunchScreen.storyboard; sourceTree = "<group>"; };
		D10120571EE74DA900E7B88B /* Info.plist */ = {isa = PBXFileReference; lastKnownFileType = text.plist.xml; path = Info.plist; sourceTree = "<group>"; };
/* End PBXFileReference section */

/* Begin PBXFrameworksBuildPhase section */
		D10120451EE74DA900E7B88B /* Frameworks */ = {
			isa = PBXFrameworksBuildPhase;
			buildActionMask = 2147483647;
			files = (
			);
			runOnlyForDeploymentPostprocessing = 0;
		};
/* End PBXFrameworksBuildPhase section */

/* Begin PBXGroup section */
		D101203F1EE74DA900E7B88B = {
			isa = PBXGroup;
			children = (
				D101204A1EE74DA900E7B88B /* Muze */,
				D10120491EE74DA900E7B88B /* Products */,
			);
			sourceTree = "<group>";
		};
		D10120491EE74DA900E7B88B /* Products */ = {
			isa = PBXGroup;
			children = (
				D10120481EE74DA900E7B88B /* Muze.app */,
			);
			name = Products;
			sourceTree = "<group>";
		};
		D101204A1EE74DA900E7B88B /* Muze */ = {
			isa = PBXGroup;
			children = (
				D101204B1EE74DA900E7B88B /* AppDelegate.swift */,
				D101204D1EE74DA900E7B88B /* ViewController.swift */,
				D101204F1EE74DA900E7B88B /* Main.storyboard */,
				D10120521EE74DA900E7B88B /* Assets.xcassets */,
				D10120541EE74DA900E7B88B /* LaunchScreen.storyboard */,
				D10120571EE74DA900E7B88B /* Info.plist */,
			);
			path = Muze;
			sourceTree = "<group>";
		};
/* End PBXGroup section */

/* Begin PBXNativeTarget section */
		D10120471EE74DA900E7B88B /* Muze */ = {
			isa = PBXNativeTarget;
			buildConfigurationList = D101205A1EE74DA900E7B88B /* Build configuration list for PBXNativeTarget "Muze" */;
			buildPhases = (
				D10120441EE74DA900E7B88B /* Sources */,
				D10120451EE74DA900E7B88B /* Frameworks */,
				D10120461EE74DA900E7B88B /* Resources */,
			);
			buildRules = (
			);
			dependencies = (
			);
			name = Muze;
			productName = Muze;
			productReference = D10120481EE74DA900E7B88B /* Muze.app */;
			productType = "com.apple.product-type.application";
		};
/* End PBXNativeTarget section */

/* Begin PBXProject section */
		D10120401EE74DA900E7B88B /* Project object */ = {
			isa = PBXProject;
			attributes = {
				LastSwiftUpdateCheck = 0830;
				LastUpgradeCheck = 0830;
				ORGANIZATIONNAME = "Charles Gong";
				TargetAttributes = {
					D10120471EE74DA900E7B88B = {
						CreatedOnToolsVersion = 8.3.1;
						DevelopmentTeam = PSC5Z4HE75;
						ProvisioningStyle = Automatic;
					};
				};
			};
			buildConfigurationList = D10120431EE74DA900E7B88B /* Build configuration list for PBXProject "Muze" */;
			compatibilityVersion = "Xcode 3.2";
			developmentRegion = English;
			hasScannedForEncodings = 0;
			knownRegions = (
				en,
				Base,
			);
			mainGroup = D101203F1EE74DA900E7B88B;
			productRefGroup = D10120491EE74DA900E7B88B /* Products */;
			projectDirPath = "";
			projectRoot = "";
			targets = (
				D10120471EE74DA900E7B88B /* Muze */,
			);
		};
/* End PBXProject section */

/* Begin PBXResourcesBuildPhase section */
		D10120461EE74DA900E7B88B /* Resources */ = {
			isa = PBXResourcesBuildPhase;
			buildActionMask = 2147483647;
			files = (
				D10120561EE74DA900E7B88B /* LaunchScreen.storyboard in Resources */,
				D10120531EE74DA900E7B88B /* Assets.xcassets in Resources */,
				D10120511EE74DA900E7B88B /* Main.storyboard in Resources */,
			);
			runOnlyForDeploymentPostprocessing = 0;
		};
/* End PBXResourcesBuildPhase section */

/* Begin PBXSourcesBuildPhase section */
		D10120441EE74DA900E7B88B /* Sources */ = {
			isa = PBXSourcesBuildPhase;
			buildActionMask = 2147483647;
			files = (
				D101204E1EE74DA900E7B88B /* ViewController.swift in Sources */,
				D101204C1EE74DA900E7B88B /* AppDelegate.swift in Sources */,
			);
			runOnlyForDeploymentPostprocessing = 0;
		};
/* End PBXSourcesBuildPhase section */

/* Begin PBXVariantGroup section */
		D101204F1EE74DA900E7B88B /* Main.storyboard */ = {
			isa = PBXVariantGroup;
			children = (
				D10120501EE74DA900E7B88B /* Base */,
			);
			name = Main.storyboard;
			sourceTree = "<group>";
		};
		D10120541EE74DA900E7B88B /* LaunchScreen.storyboard */ = {
			isa = PBXVariantGroup;
			children = (
				D10120551EE74DA900E7B88B /* Base */,
			);
			name = LaunchScreen.storyboard;
			sourceTree = "<group>";
		};
/* End PBXVariantGroup section */

/* Begin XCBuildConfiguration section */
		D10120581EE74DA900E7B88B /* Debug */ = {
			isa = XCBuildConfiguration;
			buildSettings = {
				ALWAYS_SEARCH_USER_PATHS = NO;
				CLANG_ANALYZER_NONNULL = YES;
				CLANG_ANALYZER_NUMBER_OBJECT_CONVERSION = YES_AGGRESSIVE;
				CLANG_CXX_LANGUAGE_STANDARD = "gnu++0x";
				CLANG_CXX_LIBRARY = "libc++";
				CLANG_ENABLE_MODULES = YES;
				CLANG_ENABLE_OBJC_ARC = YES;
				CLANG_WARN_BOOL_CONVERSION = YES;
				CLANG_WARN_CONSTANT_CONVERSION = YES;
				CLANG_WARN_DIRECT_OBJC_ISA_USAGE = YES_ERROR;
				CLANG_WARN_DOCUMENTATION_COMMENTS = YES;
				CLANG_WARN_EMPTY_BODY = YES;
				CLANG_WARN_ENUM_CONVERSION = YES;
				CLANG_WARN_INFINITE_RECURSION = YES;
				CLANG_WARN_INT_CONVERSION = YES;
				CLANG_WARN_OBJC_ROOT_CLASS = YES_ERROR;
				CLANG_WARN_SUSPICIOUS_MOVE = YES;
				CLANG_WARN_UNREACHABLE_CODE = YES;
				CLANG_WARN__DUPLICATE_METHOD_MATCH = YES;
				"CODE_SIGN_IDENTITY[sdk=iphoneos*]" = "iPhone Developer";
				COPY_PHASE_STRIP = NO;
				DEBUG_INFORMATION_FORMAT = dwarf;
				ENABLE_STRICT_OBJC_MSGSEND = YES;
				ENABLE_TESTABILITY = YES;
				GCC_C_LANGUAGE_STANDARD = gnu99;
				GCC_DYNAMIC_NO_PIC = NO;
				GCC_NO_COMMON_BLOCKS = YES;
				GCC_OPTIMIZATION_LEVEL = 0;
				GCC_PREPROCESSOR_DEFINITIONS = (
					"DEBUG=1",
					"$(inherited)",
				);
				GCC_WARN_64_TO_32_BIT_CONVERSION = YES;
				GCC_WARN_ABOUT_RETURN_TYPE = YES_ERROR;
				GCC_WARN_UNDECLARED_SELECTOR = YES;
				GCC_WARN_UNINITIALIZED_AUTOS = YES_AGGRESSIVE;
				GCC_WARN_UNUSED_FUNCTION = YES;
				GCC_WARN_UNUSED_VARIABLE = YES;
				IPHONEOS_DEPLOYMENT_TARGET = 10.3;
				MTL_ENABLE_DEBUG_INFO = YES;
				ONLY_ACTIVE_ARCH = YES;
				SDKROOT = iphoneos;
				SWIFT_ACTIVE_COMPILATION_CONDITIONS = DEBUG;
				SWIFT_OPTIMIZATION_LEVEL = "-Onone";
			};
			name = Debug;
		};
		D10120591EE74DA900E7B88B /* Release */ = {
			isa = XCBuildConfiguration;
			buildSettings = {
				ALWAYS_SEARCH_USER_PATHS = NO;
				CLANG_ANALYZER_NONNULL = YES;
				CLANG_ANALYZER_NUMBER_OBJECT_CONVERSION = YES_AGGRESSIVE;
				CLANG_CXX_LANGUAGE_STANDARD = "gnu++0x";
				CLANG_CXX_LIBRARY = "libc++";
				CLANG_ENABLE_MODULES = YES;
				CLANG_ENABLE_OBJC_ARC = YES;
				CLANG_WARN_BOOL_CONVERSION = YES;
				CLANG_WARN_CONSTANT_CONVERSION = YES;
				CLANG_WARN_DIRECT_OBJC_ISA_USAGE = YES_ERROR;
				CLANG_WARN_DOCUMENTATION_COMMENTS = YES;
				CLANG_WARN_EMPTY_BODY = YES;
				CLANG_WARN_ENUM_CONVERSION = YES;
				CLANG_WARN_INFINITE_RECURSION = YES;
				CLANG_WARN_INT_CONVERSION = YES;
				CLANG_WARN_OBJC_ROOT_CLASS = YES_ERROR;
				CLANG_WARN_SUSPICIOUS_MOVE = YES;
				CLANG_WARN_UNREACHABLE_CODE = YES;
				CLANG_WARN__DUPLICATE_METHOD_MATCH = YES;
				"CODE_SIGN_IDENTITY[sdk=iphoneos*]" = "iPhone Developer";
				COPY_PHASE_STRIP = NO;
				DEBUG_INFORMATION_FORMAT = "dwarf-with-dsym";
				ENABLE_NS_ASSERTIONS = NO;
				ENABLE_STRICT_OBJC_MSGSEND = YES;
				GCC_C_LANGUAGE_STANDARD = gnu99;
				GCC_NO_COMMON_BLOCKS = YES;
				GCC_WARN_64_TO_32_BIT_CONVERSION = YES;
				GCC_WARN_ABOUT_RETURN_TYPE = YES_ERROR;
				GCC_WARN_UNDECLARED_SELECTOR = YES;
				GCC_WARN_UNINITIALIZED_AUTOS = YES_AGGRESSIVE;
				GCC_WARN_UNUSED_FUNCTION = YES;
				GCC_WARN_UNUSED_VARIABLE = YES;
				IPHONEOS_DEPLOYMENT_TARGET = 10.3;
				MTL_ENABLE_DEBUG_INFO = NO;
				SDKROOT = iphoneos;
				SWIFT_OPTIMIZATION_LEVEL = "-Owholemodule";
				VALIDATE_PRODUCT = YES;
			};
			name = Release;
		};
		D101205B1EE74DA900E7B88B /* Debug */ = {
			isa = XCBuildConfiguration;
			buildSettings = {
				ASSETCATALOG_COMPILER_APPICON_NAME = AppIcon;
				DEVELOPMENT_TEAM = PSC5Z4HE75;
				INFOPLIST_FILE = Muze/Info.plist;
				LD_RUNPATH_SEARCH_PATHS = "$(inherited) @executable_path/Frameworks";
				PRODUCT_BUNDLE_IDENTIFIER = com.gong.Muze;
				PRODUCT_NAME = "$(TARGET_NAME)";
				SWIFT_VERSION = 3.0;
			};
			name = Debug;
		};
		D101205C1EE74DA900E7B88B /* Release */ = {
			isa = XCBuildConfiguration;
			buildSettings = {
				ASSETCATALOG_COMPILER_APPICON_NAME = AppIcon;
				DEVELOPMENT_TEAM = PSC5Z4HE75;
				INFOPLIST_FILE = Muze/Info.plist;
				LD_RUNPATH_SEARCH_PATHS = "$(inherited) @executable_path/Frameworks";
				PRODUCT_BUNDLE_IDENTIFIER = com.gong.Muze;
				PRODUCT_NAME = "$(TARGET_NAME)";
				SWIFT_VERSION = 3.0;
			};
			name = Release;
		};
/* End XCBuildConfiguration section */

/* Begin XCConfigurationList section */
		D10120431EE74DA900E7B88B /* Build configuration list for PBXProject "Muze" */ = {
			isa = XCConfigurationList;
			buildConfigurations = (
				D10120581EE74DA900E7B88B /* Debug */,
				D10120591EE74DA900E7B88B /* Release */,
			);
			defaultConfigurationIsVisible = 0;
			defaultConfigurationName = Release;
		};
		D101205A1EE74DA900E7B88B /* Build configuration list for PBXNativeTarget "Muze" */ = {
			isa = XCConfigurationList;
			buildConfigurations = (
				D101205B1EE74DA900E7B88B /* Debug */,
				D101205C1EE74DA900E7B88B /* Release */,
			);
			defaultConfigurationIsVisible = 0;
		};
/* End XCConfigurationList section */
	};
	rootObject = D10120401EE74DA900E7B88B /* Project object */;
}
